
Microsoft Visual Studio Solution File, Format Version 12.00
# Visual Studio Express 15 for Windows Desktop
VisualStudioVersion = 15.0.27130.2010
MinimumVisualStudioVersion = 10.0.40219.1
Project("{8BC9CEB8-8B4A-11D0-8D11-00A0C91BC942}") = "CV_DNN_Application", "CV_DNN_Application\CV_DNN_Application.vcxproj", "{0BBF5B13-F077-48C7-9970-619695562737}"
EndProject
Global
	GlobalSection(SolutionConfigurationPlatforms) = preSolution
		Debug|x64 = Debug|x64
		Release|x64 = Release|x64
	EndGlobalSection
	GlobalSection(ProjectConfigurationPlatforms) = postSolution
		{0BBF5B13-F077-48C7-9970-619695562737}.Debug|x64.ActiveCfg = Debug|x64
		{0BBF5B13-F077-48C7-9970-619695562737}.Debug|x64.Build.0 = Debug|x64
		{0BBF5B13-F077-48C7-9970-619695562737}.Release|x64.ActiveCfg = Release|x64
		{0BBF5B13-F077-48C7-9970-619695562737}.Release|x64.Build.0 = Release|x64
	EndGlobalSection
	GlobalSection(SolutionProperties) = preSolution
		HideSolutionNode = FALSE
	EndGlobalSection
	GlobalSection(ExtensibilityGlobals) = postSolution
		SolutionGuid = {F03DBCC9-0B63-4289-850B-38CAA84D853F}
	EndGlobalSection
EndGlobal
